
Microsoft Visual Studio Solution File, Format Version 12.00
# Visual Studio Version 17
VisualStudioVersion = 17.13.35825.156 d17.13
MinimumVisualStudioVersion = 10.0.40219.1
Project("{FAE04EC0-301F-11D3-BF4B-00C04F79EFBC}") = "WinForm", "WinForm.csproj", "{D6F6AAFF-21F9-491C-AE2E-6BE02279CCEE}"
EndProject
Global
	GlobalSection(SolutionConfigurationPlatforms) = preSolution
		Debug|Any CPU = Debug|Any CPU
		Release|Any CPU = Release|Any CPU
	EndGlobalSection
	GlobalSection(ProjectConfigurationPlatforms) = postSolution
		{D6F6AAFF-21F9-491C-AE2E-6BE02279CCEE}.Debug|Any CPU.ActiveCfg = Debug|Any CPU
		{D6F6AAFF-21F9-491C-AE2E-6BE02279CCEE}.Debug|Any CPU.Build.0 = Debug|Any CPU
		{D6F6AAFF-21F9-491C-AE2E-6BE02279CCEE}.Release|Any CPU.ActiveCfg = Release|Any CPU
		{D6F6AAFF-21F9-491C-AE2E-6BE02279CCEE}.Release|Any CPU.Build.0 = Release|Any CPU
	EndGlobalSection
	GlobalSection(SolutionProperties) = preSolution
		HideSolutionNode = FALSE
	EndGlobalSection
	GlobalSection(ExtensibilityGlobals) = postSolution
		SolutionGuid = {156F03F7-EBA6-4DDF-986D-26304910BD87}
	EndGlobalSection
EndGlobal
